Microsoft Visual Studio Solution File, Format Version 12.00
# Visual Studio Version 17
VisualStudioVersion = 17.5.2.0
MinimumVisualStudioVersion = 10.0.40219.1
Project("{FAE04EC0-301F-11D3-BF4B-00C04F79EFBC}") = "ManagedIdentityConsole", "ManagedIdentityConsole.csproj", "{73B99E25-23FB-6A4A-F9B8-B10FF73FB480}"
EndProject
Global
	GlobalSection(SolutionConfigurationPlatforms) = preSolution
		Debug|Any CPU = Debug|Any CPU
		Release|Any CPU = Release|Any CPU
	EndGlobalSection
	GlobalSection(ProjectConfigurationPlatforms) = postSolution
		{73B99E25-23FB-6A4A-F9B8-B10FF73FB480}.Debug|Any CPU.ActiveCfg = Debug|Any CPU
		{73B99E25-23FB-6A4A-F9B8-B10FF73FB480}.Debug|Any CPU.Build.0 = Debug|Any CPU
		{73B99E25-23FB-6A4A-F9B8-B10FF73FB480}.Release|Any CPU.ActiveCfg = Release|Any CPU
		{73B99E25-23FB-6A4A-F9B8-B10FF73FB480}.Release|Any CPU.Build.0 = Release|Any CPU
	EndGlobalSection
	GlobalSection(SolutionProperties) = preSolution
		HideSolutionNode = FALSE
	EndGlobalSection
	GlobalSection(ExtensibilityGlobals) = postSolution
		SolutionGuid = {5022AE97-C772-4852-8AB3-498638C4486A}
	EndGlobalSection
EndGlobal
